{
  "name": "note-taker",
  "version": "1.0.0",
  "lockfileVersion": 1,
  "requires": true,
  "dependencies": {
    "add": {
      "version": "2.0.6",
      "resolved": "https://registry.npmjs.org/add/-/add-2.0.6.tgz",
      "integrity": "sha1-JI8Kn25aUo7yKV2+7DBTITCuIjU="
    },
    "git": {
      "version": "0.1.5",
      "resolved": "https://registry.npmjs.org/git/-/git-0.1.5.tgz",
      "integrity": "sha1-nvYt+T+FHCdUIUO/UtHGixAXyhU=",
      "requires": {
        "mime": "1.2.9"
      }
    },
    "mime": {
      "version": "1.2.9",
      "resolved": "https://registry.npmjs.org/mime/-/mime-1.2.9.tgz",
      "integrity": "sha1-AJzUCGe9Nd5SGzuWbwTi+NTRPQk="
    }
  }
}
